
Microsoft Visual Studio Solution File, Format Version 12.00
# Visual Studio Version 17
VisualStudioVersion = 17.5.002.0
MinimumVisualStudioVersion = 10.0.40219.1
Project("{9A19103F-16F7-4668-BE54-9A1E7A4F7556}") = "tl2-tp5-2024-tangerinegmv", "tl2-tp5-2024-tangerinegmv.csproj", "{57330354-A3E8-41B6-B577-74B0DCF732AD}"
EndProject
Global
	GlobalSection(SolutionConfigurationPlatforms) = preSolution
		Debug|Any CPU = Debug|Any CPU
		Release|Any CPU = Release|Any CPU
	EndGlobalSection
	GlobalSection(ProjectConfigurationPlatforms) = postSolution
		{57330354-A3E8-41B6-B577-74B0DCF732AD}.Debug|Any CPU.ActiveCfg = Debug|Any CPU
		{57330354-A3E8-41B6-B577-74B0DCF732AD}.Debug|Any CPU.Build.0 = Debug|Any CPU
		{57330354-A3E8-41B6-B577-74B0DCF732AD}.Release|Any CPU.ActiveCfg = Release|Any CPU
		{57330354-A3E8-41B6-B577-74B0DCF732AD}.Release|Any CPU.Build.0 = Release|Any CPU
	EndGlobalSection
	GlobalSection(SolutionProperties) = preSolution
		HideSolutionNode = FALSE
	EndGlobalSection
	GlobalSection(ExtensibilityGlobals) = postSolution
		SolutionGuid = {D3611478-A764-49F0-940D-ABDE675204A0}
	EndGlobalSection
EndGlobal
